// !$*UTF8*$!
{
	archiveVersion = 1;
	classes = {
	};
	objectVersion = 46;
	objects = {

/* Begin PBXBuildFile section */
		C411A8511C78E9D100FC0708 /* AppDelegate.swift in Sources */ = {isa = PBXBuildFile; fileRef = C411A8501C78E9D100FC0708 /* AppDelegate.swift */; };
		C411A8531C78E9D100FC0708 /* ViewController.swift in Sources */ = {isa = PBXBuildFile; fileRef = C411A8521C78E9D100FC0708 /* ViewController.swift */; };
		C411A8561C78E9D100FC0708 /* Main.storyboard in Resources */ = {isa = PBXBuildFile; fileRef = C411A8541C78E9D100FC0708 /* Main.storyboard */; };
		C411A8581C78E9D100FC0708 /* Assets.xcassets in Resources */ = {isa = PBXBuildFile; fileRef = C411A8571C78E9D100FC0708 /* Assets.xcassets */; };
		C411A85B1C78E9D100FC0708 /* LaunchScreen.storyboard in Resources */ = {isa = PBXBuildFile; fileRef = C411A8591C78E9D100FC0708 /* LaunchScreen.storyboard */; };
		C411A8641C7B776800FC0708 /* MapKit.framework in Frameworks */ = {isa = PBXBuildFile; fileRef = C411A8631C7B776800FC0708 /* MapKit.framework */; };
		C411A8661C7B78B500FC0708 /* Capital.swift in Sources */ = {isa = PBXBuildFile; fileRef = C411A8651C7B78B500FC0708 /* Capital.swift */; };
/* End PBXBuildFile section */

/* Begin PBXFileReference section */
		C411A84D1C78E9D100FC0708 /* Project19.app */ = {isa = PBXFileReference; explicitFileType = wrapper.application; includeInIndex = 0; path = Project19.app; sourceTree = BUILT_PRODUCTS_DIR; };
		C411A8501C78E9D100FC0708 /* AppDelegate.swift */ = {isa = PBXFileReference; lastKnownFileType = sourcecode.swift; path = AppDelegate.swift; sourceTree = "<group>"; };
		C411A8521C78E9D100FC0708 /* ViewController.swift */ = {isa = PBXFileReference; lastKnownFileType = sourcecode.swift; path = ViewController.swift; sourceTree = "<group>"; };
		C411A8551C78E9D100FC0708 /* Base */ = {isa = PBXFileReference; lastKnownFileType = file.storyboard; name = Base; path = Base.lproj/Main.storyboard; sourceTree = "<group>"; };
		C411A8571C78E9D100FC0708 /* Assets.xcassets */ = {isa = PBXFileReference; lastKnownFileType = folder.assetcatalog; path = Assets.xcassets; sourceTree = "<group>"; };
		C411A85A1C78E9D100FC0708 /* Base */ = {isa = PBXFileReference; lastKnownFileType = file.storyboard; name = Base; path = Base.lproj/LaunchScreen.storyboard; sourceTree = "<group>"; };
		C411A85C1C78E9D100FC0708 /* Info.plist */ = {isa = PBXFileReference; lastKnownFileType = text.plist.xml; path = Info.plist; sourceTree = "<group>"; };
		C411A8621C78E9EC00FC0708 /* README.md */ = {isa = PBXFileReference; lastKnownFileType = net.daringfireball.markdown; path = README.md; sourceTree = "<group>"; };
		C411A8631C7B776800FC0708 /* MapKit.framework */ = {isa = PBXFileReference; lastKnownFileType = wrapper.framework; name = MapKit.framework; path = System/Library/Frameworks/MapKit.framework; sourceTree = SDKROOT; };
		C411A8651C7B78B500FC0708 /* Capital.swift */ = {isa = PBXFileReference; fileEncoding = 4; lastKnownFileType = sourcecode.swift; path = Capital.swift; sourceTree = "<group>"; };
/* End PBXFileReference section */

/* Begin PBXFrameworksBuildPhase section */
		C411A84A1C78E9D100FC0708 /* Frameworks */ = {
			isa = PBXFrameworksBuildPhase;
			buildActionMask = 2147483647;
			files = (
				C411A8641C7B776800FC0708 /* MapKit.framework in Frameworks */,
			);
			runOnlyForDeploymentPostprocessing = 0;
		};
/* End PBXFrameworksBuildPhase section */

/* Begin PBXGroup section */
		C411A8441C78E9D100FC0708 = {
			isa = PBXGroup;
			children = (
				C411A8631C7B776800FC0708 /* MapKit.framework */,
				C411A8621C78E9EC00FC0708 /* README.md */,
				C411A84F1C78E9D100FC0708 /* Project19 */,
				C411A84E1C78E9D100FC0708 /* Products */,
			);
			sourceTree = "<group>";
		};
		C411A84E1C78E9D100FC0708 /* Products */ = {
			isa = PBXGroup;
			children = (
				C411A84D1C78E9D100FC0708 /* Project19.app */,
			);
			name = Products;
			sourceTree = "<group>";
		};
		C411A84F1C78E9D100FC0708 /* Project19 */ = {
			isa = PBXGroup;
			children = (
				C411A8501C78E9D100FC0708 /* AppDelegate.swift */,
				C411A8521C78E9D100FC0708 /* ViewController.swift */,
				C411A8541C78E9D100FC0708 /* Main.storyboard */,
				C411A8571C78E9D100FC0708 /* Assets.xcassets */,
				C411A8591C78E9D100FC0708 /* LaunchScreen.storyboard */,
				C411A85C1C78E9D100FC0708 /* Info.plist */,
				C411A8651C7B78B500FC0708 /* Capital.swift */,
			);
			path = Project19;
			sourceTree = "<group>";
		};
/* End PBXGroup section */

/* Begin PBXNativeTarget section */
		C411A84C1C78E9D100FC0708 /* Project19 */ = {
			isa = PBXNativeTarget;
			buildConfigurationList = C411A85F1C78E9D100FC0708 /* Build configuration list for PBXNativeTarget "Project19" */;
			buildPhases = (
				C411A8491C78E9D100FC0708 /* Sources */,
				C411A84A1C78E9D100FC0708 /* Frameworks */,
				C411A84B1C78E9D100FC0708 /* Resources */,
			);
			buildRules = (
			);
			dependencies = (
			);
			name = Project19;
			productName = Project19;
			productReference = C411A84D1C78E9D100FC0708 /* Project19.app */;
			productType = "com.apple.product-type.application";
		};
/* End PBXNativeTarget section */

/* Begin PBXProject section */
		C411A8451C78E9D100FC0708 /* Project object */ = {
			isa = PBXProject;
			attributes = {
				LastSwiftUpdateCheck = 0720;
				LastUpgradeCheck = 0720;
				ORGANIZATIONNAME = J4SOFT;
				TargetAttributes = {
					C411A84C1C78E9D100FC0708 = {
						CreatedOnToolsVersion = 7.2.1;
						SystemCapabilities = {
							com.apple.Maps.iOS = {
								enabled = 1;
							};
						};
					};
				};
			};
			buildConfigurationList = C411A8481C78E9D100FC0708 /* Build configuration list for PBXProject "Project19" */;
			compatibilityVersion = "Xcode 3.2";
			developmentRegion = English;
			hasScannedForEncodings = 0;
			knownRegions = (
				en,
				Base,
			);
			mainGroup = C411A8441C78E9D100FC0708;
			productRefGroup = C411A84E1C78E9D100FC0708 /* Products */;
			projectDirPath = "";
			projectRoot = "";
			targets = (
				C411A84C1C78E9D100FC0708 /* Project19 */,
			);
		};
/* End PBXProject section */

/* Begin PBXResourcesBuildPhase section */
		C411A84B1C78E9D100FC0708 /* Resources */ = {
			isa = PBXResourcesBuildPhase;
			buildActionMask = 2147483647;
			files = (
				C411A85B1C78E9D100FC0708 /* LaunchScreen.storyboard in Resources */,
				C411A8581C78E9D100FC0708 /* Assets.xcassets in Resources */,
				C411A8561C78E9D100FC0708 /* Main.storyboard in Resources */,
			);
			runOnlyForDeploymentPostprocessing = 0;
		};
/* End PBXResourcesBuildPhase section */

/* Begin PBXSourcesBuildPhase section */
		C411A8491C78E9D100FC0708 /* Sources */ = {
			isa = PBXSourcesBuildPhase;
			buildActionMask = 2147483647;
			files = (
				C411A8531C78E9D100FC0708 /* ViewController.swift in Sources */,
				C411A8511C78E9D100FC0708 /* AppDelegate.swift in Sources */,
				C411A8661C7B78B500FC0708 /* Capital.swift in Sources */,
			);
			runOnlyForDeploymentPostprocessing = 0;
		};
/* End PBXSourcesBuildPhase section */

/* Begin PBXVariantGroup section */
		C411A8541C78E9D100FC0708 /* Main.storyboard */ = {
			isa = PBXVariantGroup;
			children = (
				C411A8551C78E9D100FC0708 /* Base */,
			);
			name = Main.storyboard;
			sourceTree = "<group>";
		};
		C411A8591C78E9D100FC0708 /* LaunchScreen.storyboard */ = {
			isa = PBXVariantGroup;
			children = (
				C411A85A1C78E9D100FC0708 /* Base */,
			);
			name = LaunchScreen.storyboard;
			sourceTree = "<group>";
		};
/* End PBXVariantGroup section */

/* Begin XCBuildConfiguration section */
		C411A85D1C78E9D100FC0708 /* Debug */ = {
			isa = XCBuildConfiguration;
			buildSettings = {
				ALWAYS_SEARCH_USER_PATHS = NO;
				CLANG_CXX_LANGUAGE_STANDARD = "gnu++0x";
				CLANG_CXX_LIBRARY = "libc++";
				CLANG_ENABLE_MODULES = YES;
				CLANG_ENABLE_OBJC_ARC = YES;
				CLANG_WARN_BOOL_CONVERSION = YES;
				CLANG_WARN_CONSTANT_CONVERSION = YES;
				CLANG_WARN_DIRECT_OBJC_ISA_USAGE = YES_ERROR;
				CLANG_WARN_EMPTY_BODY = YES;
				CLANG_WARN_ENUM_CONVERSION = YES;
				CLANG_WARN_INT_CONVERSION = YES;
				CLANG_WARN_OBJC_ROOT_CLASS = YES_ERROR;
				CLANG_WARN_UNREACHABLE_CODE = YES;
				CLANG_WARN__DUPLICATE_METHOD_MATCH = YES;
				"CODE_SIGN_IDENTITY[sdk=iphoneos*]" = "iPhone Developer";
				COPY_PHASE_STRIP = NO;
				DEBUG_INFORMATION_FORMAT = dwarf;
				ENABLE_STRICT_OBJC_MSGSEND = YES;
				ENABLE_TESTABILITY = YES;
				GCC_C_LANGUAGE_STANDARD = gnu99;
				GCC_DYNAMIC_NO_PIC = NO;
				GCC_NO_COMMON_BLOCKS = YES;
				GCC_OPTIMIZATION_LEVEL = 0;
				GCC_PREPROCESSOR_DEFINITIONS = (
					"DEBUG=1",
					"$(inherited)",
				);
				GCC_WARN_64_TO_32_BIT_CONVERSION = YES;
				GCC_WARN_ABOUT_RETURN_TYPE = YES_ERROR;
				GCC_WARN_UNDECLARED_SELECTOR = YES;
				GCC_WARN_UNINITIALIZED_AUTOS = YES_AGGRESSIVE;
				GCC_WARN_UNUSED_FUNCTION = YES;
				GCC_WARN_UNUSED_VARIABLE = YES;
				IPHONEOS_DEPLOYMENT_TARGET = 9.2;
				MTL_ENABLE_DEBUG_INFO = YES;
				ONLY_ACTIVE_ARCH = YES;
				SDKROOT = iphoneos;
				SWIFT_OPTIMIZATION_LEVEL = "-Onone";
			};
			name = Debug;
		};
		C411A85E1C78E9D100FC0708 /* Release */ = {
			isa = XCBuildConfiguration;
			buildSettings = {
				ALWAYS_SEARCH_USER_PATHS = NO;
				CLANG_CXX_LANGUAGE_STANDARD = "gnu++0x";
				CLANG_CXX_LIBRARY = "libc++";
				CLANG_ENABLE_MODULES = YES;
				CLANG_ENABLE_OBJC_ARC = YES;
				CLANG_WARN_BOOL_CONVERSION = YES;
				CLANG_WARN_CONSTANT_CONVERSION = YES;
				CLANG_WARN_DIRECT_OBJC_ISA_USAGE = YES_ERROR;
				CLANG_WARN_EMPTY_BODY = YES;
				CLANG_WARN_ENUM_CONVERSION = YES;
				CLANG_WARN_INT_CONVERSION = YES;
				CLANG_WARN_OBJC_ROOT_CLASS = YES_ERROR;
				CLANG_WARN_UNREACHABLE_CODE = YES;
				CLANG_WARN__DUPLICATE_METHOD_MATCH = YES;
				"CODE_SIGN_IDENTITY[sdk=iphoneos*]" = "iPhone Developer";
				COPY_PHASE_STRIP = NO;
				DEBUG_INFORMATION_FORMAT = "dwarf-with-dsym";
				ENABLE_NS_ASSERTIONS = NO;
				ENABLE_STRICT_OBJC_MSGSEND = YES;
				GCC_C_LANGUAGE_STANDARD = gnu99;
				GCC_NO_COMMON_BLOCKS = YES;
				GCC_WARN_64_TO_32_BIT_CONVERSION = YES;
				GCC_WARN_ABOUT_RETURN_TYPE = YES_ERROR;
				GCC_WARN_UNDECLARED_SELECTOR = YES;
				GCC_WARN_UNINITIALIZED_AUTOS = YES_AGGRESSIVE;
				GCC_WARN_UNUSED_FUNCTION = YES;
				GCC_WARN_UNUSED_VARIABLE = YES;
				IPHONEOS_DEPLOYMENT_TARGET = 9.2;
				MTL_ENABLE_DEBUG_INFO = NO;
				SDKROOT = iphoneos;
				VALIDATE_PRODUCT = YES;
			};
			name = Release;
		};
		C411A8601C78E9D100FC0708 /* Debug */ = {
			isa = XCBuildConfiguration;
			buildSettings = {
				ASSETCATALOG_COMPILER_APPICON_NAME = AppIcon;
				INFOPLIST_FILE = Project19/Info.plist;
				LD_RUNPATH_SEARCH_PATHS = "$(inherited) @executable_path/Frameworks";
				PRODUCT_BUNDLE_IDENTIFIER = J4SOFT.Project19;
				PRODUCT_NAME = "$(TARGET_NAME)";
			};
			name = Debug;
		};
		C411A8611C78E9D100FC0708 /* Release */ = {
			isa = XCBuildConfiguration;
			buildSettings = {
				ASSETCATALOG_COMPILER_APPICON_NAME = AppIcon;
				INFOPLIST_FILE = Project19/Info.plist;
				LD_RUNPATH_SEARCH_PATHS = "$(inherited) @executable_path/Frameworks";
				PRODUCT_BUNDLE_IDENTIFIER = J4SOFT.Project19;
				PRODUCT_NAME = "$(TARGET_NAME)";
			};
			name = Release;
		};
/* End XCBuildConfiguration section */

/* Begin XCConfigurationList section */
		C411A8481C78E9D100FC0708 /* Build configuration list for PBXProject "Project19" */ = {
			isa = XCConfigurationList;
			buildConfigurations = (
				C411A85D1C78E9D100FC0708 /* Debug */,
				C411A85E1C78E9D100FC0708 /* Release */,
			);
			defaultConfigurationIsVisible = 0;
			defaultConfigurationName = Release;
		};
		C411A85F1C78E9D100FC0708 /* Build configuration list for PBXNativeTarget "Project19" */ = {
			isa = XCConfigurationList;
			buildConfigurations = (
				C411A8601C78E9D100FC0708 /* Debug */,
				C411A8611C78E9D100FC0708 /* Release */,
			);
			defaultConfigurationIsVisible = 0;
			defaultConfigurationName = Release;
		};
/* End XCConfigurationList section */
	};
	rootObject = C411A8451C78E9D100FC0708 /* Project object */;
}
